
Microsoft Visual Studio Solution File, Format Version 12.00
# Visual Studio Version 16
VisualStudioVersion = 16.0.32602.291
MinimumVisualStudioVersion = 10.0.40219.1
Project("{FAE04EC0-301F-11D3-BF4B-00C04F79EFBC}") = "BlackJackAssignmentMVC", "BlackJackAssignmentMVC\BlackJackAssignmentMVC.csproj", "{CCB85ED6-3A7A-4214-9580-76CC9754E1DD}"
EndProject
Global
	GlobalSection(SolutionConfigurationPlatforms) = preSolution
		Debug|Any CPU = Debug|Any CPU
		Release|Any CPU = Release|Any CPU
	EndGlobalSection
	GlobalSection(ProjectConfigurationPlatforms) = postSolution
		{CCB85ED6-3A7A-4214-9580-76CC9754E1DD}.Debug|Any CPU.ActiveCfg = Debug|Any CPU
		{CCB85ED6-3A7A-4214-9580-76CC9754E1DD}.Debug|Any CPU.Build.0 = Debug|Any CPU
		{CCB85ED6-3A7A-4214-9580-76CC9754E1DD}.Release|Any CPU.ActiveCfg = Release|Any CPU
		{CCB85ED6-3A7A-4214-9580-76CC9754E1DD}.Release|Any CPU.Build.0 = Release|Any CPU
	EndGlobalSection
	GlobalSection(SolutionProperties) = preSolution
		HideSolutionNode = FALSE
	EndGlobalSection
	GlobalSection(ExtensibilityGlobals) = postSolution
		SolutionGuid = {693CBF95-8055-4446-B99F-AD82263FF2F2}
	EndGlobalSection
EndGlobal
